// !$*UTF8*$!
{
	archiveVersion = 1;
	classes = {
	};
	objectVersion = 56;
	objects = {

/* Begin PBXBuildFile section */
		2B4D72D02B56206D0084BF2A /* MemberStore.swift in Sources */ = {isa = PBXBuildFile; fileRef = 2B4D72CF2B56206D0084BF2A /* MemberStore.swift */; };
		2B4D72D22B56B27C0084BF2A /* Member.swift in Sources */ = {isa = PBXBuildFile; fileRef = 2B4D72D12B56B27C0084BF2A /* Member.swift */; };
		2B4D72D42B56B29A0084BF2A /* Constants.swift in Sources */ = {isa = PBXBuildFile; fileRef = 2B4D72D32B56B29A0084BF2A /* Constants.swift */; };
		2B4D72DF2B58B7170084BF2A /* CustomerViewController.swift in Sources */ = {isa = PBXBuildFile; fileRef = 2B4D72DE2B58B7170084BF2A /* CustomerViewController.swift */; };
		2B4D72E12B58C0050084BF2A /* Customer.storyboard in Resources */ = {isa = PBXBuildFile; fileRef = 2B4D72E02B58C0050084BF2A /* Customer.storyboard */; };
		C826156C2B57E1520041463B /* Rideable.swift in Sources */ = {isa = PBXBuildFile; fileRef = C826156B2B57E1520041463B /* Rideable.swift */; };
		C83DDD852B58BB8200D5E794 /* setupSearchBar.swift in Sources */ = {isa = PBXBuildFile; fileRef = C83DDD842B58BB8200D5E794 /* setupSearchBar.swift */; };
		C84458F82B553CCD0013EE86 /* AppDelegate.swift in Sources */ = {isa = PBXBuildFile; fileRef = C84458F72B553CCD0013EE86 /* AppDelegate.swift */; };
		C84458FA2B553CCD0013EE86 /* SceneDelegate.swift in Sources */ = {isa = PBXBuildFile; fileRef = C84458F92B553CCD0013EE86 /* SceneDelegate.swift */; };
		C84458FC2B553CCD0013EE86 /* ViewController.swift in Sources */ = {isa = PBXBuildFile; fileRef = C84458FB2B553CCD0013EE86 /* ViewController.swift */; };
		C84458FF2B553CCD0013EE86 /* Main.storyboard in Resources */ = {isa = PBXBuildFile; fileRef = C84458FD2B553CCD0013EE86 /* Main.storyboard */; };
		C84459012B553CCE0013EE86 /* Assets.xcassets in Resources */ = {isa = PBXBuildFile; fileRef = C84459002B553CCE0013EE86 /* Assets.xcassets */; };
		C84459042B553CCE0013EE86 /* LaunchScreen.storyboard in Resources */ = {isa = PBXBuildFile; fileRef = C84459022B553CCE0013EE86 /* LaunchScreen.storyboard */; };
		C84459102B553DE60013EE86 /* MapView.storyboard in Resources */ = {isa = PBXBuildFile; fileRef = C844590E2B553DE60013EE86 /* MapView.storyboard */; };
		C84459132B553DFC0013EE86 /* Register.storyboard in Resources */ = {isa = PBXBuildFile; fileRef = C84459112B553DFC0013EE86 /* Register.storyboard */; };
		C84459162B553E0E0013EE86 /* MyPage.storyboard in Resources */ = {isa = PBXBuildFile; fileRef = C84459142B553E0E0013EE86 /* MyPage.storyboard */; };
		C84459182B553F9D0013EE86 /* MapViewController.swift in Sources */ = {isa = PBXBuildFile; fileRef = C84459172B553F9D0013EE86 /* MapViewController.swift */; };
		C844591B2B553FF00013EE86 /* RegisterViewController.swift in Sources */ = {isa = PBXBuildFile; fileRef = C844591A2B553FF00013EE86 /* RegisterViewController.swift */; };
		C844591D2B5540880013EE86 /* MyPageViewController.swift in Sources */ = {isa = PBXBuildFile; fileRef = C844591C2B5540880013EE86 /* MyPageViewController.swift */; };
		C85CA5922B58FF3000B16D37 /* alertButton.swift in Sources */ = {isa = PBXBuildFile; fileRef = C85CA5912B58FF3000B16D37 /* alertButton.swift */; };
		C85CA5942B59133200B16D37 /* halfModal.swift in Sources */ = {isa = PBXBuildFile; fileRef = C85CA5932B59133200B16D37 /* halfModal.swift */; };
		C889AFE52B568A3900527A89 /* MapView.swift in Sources */ = {isa = PBXBuildFile; fileRef = C889AFE42B568A3900527A89 /* MapView.swift */; };
		C889AFE72B57A86D00527A89 /* RideData.swift in Sources */ = {isa = PBXBuildFile; fileRef = C889AFE62B57A86D00527A89 /* RideData.swift */; };
		C889AFE92B57A92700527A89 /* setAnnotation.swift in Sources */ = {isa = PBXBuildFile; fileRef = C889AFE82B57A92700527A89 /* setAnnotation.swift */; };
		C889AFEB2B57AE3C00527A89 /* MKMapView.swift in Sources */ = {isa = PBXBuildFile; fileRef = C889AFEA2B57AE3C00527A89 /* MKMapView.swift */; };
		C8AD9A7E2B554E24002B48C3 /* LoginViewController.swift in Sources */ = {isa = PBXBuildFile; fileRef = C8AD9A7D2B554E24002B48C3 /* LoginViewController.swift */; };
/* End PBXBuildFile section */

/* Begin PBXFileReference section */
		2B4D72CF2B56206D0084BF2A /* MemberStore.swift */ = {isa = PBXFileReference; lastKnownFileType = sourcecode.swift; path = MemberStore.swift; sourceTree = SOURCE_ROOT; };
		2B4D72D12B56B27C0084BF2A /* Member.swift */ = {isa = PBXFileReference; lastKnownFileType = sourcecode.swift; path = Member.swift; sourceTree = SOURCE_ROOT; };
		2B4D72D32B56B29A0084BF2A /* Constants.swift */ = {isa = PBXFileReference; lastKnownFileType = sourcecode.swift; path = Constants.swift; sourceTree = SOURCE_ROOT; };
		2B4D72DE2B58B7170084BF2A /* CustomerViewController.swift */ = {isa = PBXFileReference; lastKnownFileType = sourcecode.swift; path = CustomerViewController.swift; sourceTree = "<group>"; };
		2B4D72E02B58C0050084BF2A /* Customer.storyboard */ = {isa = PBXFileReference; lastKnownFileType = file.storyboard; path = Customer.storyboard; sourceTree = "<group>"; };
		C826156B2B57E1520041463B /* Rideable.swift */ = {isa = PBXFileReference; lastKnownFileType = sourcecode.swift; path = Rideable.swift; sourceTree = "<group>"; };
		C83DDD842B58BB8200D5E794 /* setupSearchBar.swift */ = {isa = PBXFileReference; lastKnownFileType = sourcecode.swift; path = setupSearchBar.swift; sourceTree = "<group>"; };
		C84458F42B553CCD0013EE86 /* Kick_Going.app */ = {isa = PBXFileReference; explicitFileType = wrapper.application; includeInIndex = 0; path = Kick_Going.app; sourceTree = BUILT_PRODUCTS_DIR; };
		C84458F72B553CCD0013EE86 /* AppDelegate.swift */ = {isa = PBXFileReference; lastKnownFileType = sourcecode.swift; path = AppDelegate.swift; sourceTree = "<group>"; };
		C84458F92B553CCD0013EE86 /* SceneDelegate.swift */ = {isa = PBXFileReference; lastKnownFileType = sourcecode.swift; path = SceneDelegate.swift; sourceTree = "<group>"; };
		C84458FB2B553CCD0013EE86 /* ViewController.swift */ = {isa = PBXFileReference; lastKnownFileType = sourcecode.swift; path = ViewController.swift; sourceTree = "<group>"; };
		C84458FE2B553CCD0013EE86 /* Base */ = {isa = PBXFileReference; lastKnownFileType = file.storyboard; name = Base; path = Base.lproj/Main.storyboard; sourceTree = "<group>"; };
		C84459002B553CCE0013EE86 /* Assets.xcassets */ = {isa = PBXFileReference; lastKnownFileType = folder.assetcatalog; path = Assets.xcassets; sourceTree = "<group>"; };
		C84459032B553CCE0013EE86 /* Base */ = {isa = PBXFileReference; lastKnownFileType = file.storyboard; name = Base; path = Base.lproj/LaunchScreen.storyboard; sourceTree = "<group>"; };
		C84459052B553CCE0013EE86 /* Info.plist */ = {isa = PBXFileReference; lastKnownFileType = text.plist.xml; path = Info.plist; sourceTree = "<group>"; };
		C844590F2B553DE60013EE86 /* Base */ = {isa = PBXFileReference; lastKnownFileType = file.storyboard; name = Base; path = Kick_Going/Base.lproj/MapView.storyboard; sourceTree = "<group>"; };
		C84459122B553DFC0013EE86 /* Base */ = {isa = PBXFileReference; lastKnownFileType = file.storyboard; name = Base; path = Kick_Going/Base.lproj/Register.storyboard; sourceTree = "<group>"; };
		C84459152B553E0E0013EE86 /* Base */ = {isa = PBXFileReference; lastKnownFileType = file.storyboard; name = Base; path = Kick_Going/Base.lproj/MyPage.storyboard; sourceTree = "<group>"; };
		C84459172B553F9D0013EE86 /* MapViewController.swift */ = {isa = PBXFileReference; lastKnownFileType = sourcecode.swift; path = MapViewController.swift; sourceTree = "<group>"; };
		C844591A2B553FF00013EE86 /* RegisterViewController.swift */ = {isa = PBXFileReference; lastKnownFileType = sourcecode.swift; path = RegisterViewController.swift; sourceTree = "<group>"; };
		C844591C2B5540880013EE86 /* MyPageViewController.swift */ = {isa = PBXFileReference; lastKnownFileType = sourcecode.swift; path = MyPageViewController.swift; sourceTree = "<group>"; };
		C85CA5912B58FF3000B16D37 /* alertButton.swift */ = {isa = PBXFileReference; lastKnownFileType = sourcecode.swift; path = alertButton.swift; sourceTree = "<group>"; };
		C85CA5932B59133200B16D37 /* halfModal.swift */ = {isa = PBXFileReference; lastKnownFileType = sourcecode.swift; path = halfModal.swift; sourceTree = "<group>"; };
		C889AFE42B568A3900527A89 /* MapView.swift */ = {isa = PBXFileReference; lastKnownFileType = sourcecode.swift; path = MapView.swift; sourceTree = "<group>"; };
		C889AFE62B57A86D00527A89 /* RideData.swift */ = {isa = PBXFileReference; lastKnownFileType = sourcecode.swift; path = RideData.swift; sourceTree = "<group>"; };
		C889AFE82B57A92700527A89 /* setAnnotation.swift */ = {isa = PBXFileReference; lastKnownFileType = sourcecode.swift; path = setAnnotation.swift; sourceTree = "<group>"; };
		C889AFEA2B57AE3C00527A89 /* MKMapView.swift */ = {isa = PBXFileReference; lastKnownFileType = sourcecode.swift; path = MKMapView.swift; sourceTree = "<group>"; };
		C8AD9A7D2B554E24002B48C3 /* LoginViewController.swift */ = {isa = PBXFileReference; lastKnownFileType = sourcecode.swift; path = LoginViewController.swift; sourceTree = "<group>"; };
/* End PBXFileReference section */

/* Begin PBXFrameworksBuildPhase section */
		C84458F12B553CCD0013EE86 /* Frameworks */ = {
			isa = PBXFrameworksBuildPhase;
			buildActionMask = 2147483647;
			files = (
			);
			runOnlyForDeploymentPostprocessing = 0;
		};
/* End PBXFrameworksBuildPhase section */

/* Begin PBXGroup section */
		C84458EB2B553CCD0013EE86 = {
			isa = PBXGroup;
			children = (
				C844590E2B553DE60013EE86 /* MapView.storyboard */,
				C84459112B553DFC0013EE86 /* Register.storyboard */,
				2B4D72E02B58C0050084BF2A /* Customer.storyboard */,
				C84459142B553E0E0013EE86 /* MyPage.storyboard */,
				C84459192B553FA30013EE86 /* Views */,
				C8AD9A712B55443A002B48C3 /* Model */,
				C8AD9A722B554446002B48C3 /* Extension */,
				C84458F62B553CCD0013EE86 /* Kick_Going */,
				C84458F52B553CCD0013EE86 /* Products */,
			);
			sourceTree = "<group>";
		};
		C84458F52B553CCD0013EE86 /* Products */ = {
			isa = PBXGroup;
			children = (
				C84458F42B553CCD0013EE86 /* Kick_Going.app */,
			);
			name = Products;
			sourceTree = "<group>";
		};
		C84458F62B553CCD0013EE86 /* Kick_Going */ = {
			isa = PBXGroup;
			children = (
				C84458F72B553CCD0013EE86 /* AppDelegate.swift */,
				C84458F92B553CCD0013EE86 /* SceneDelegate.swift */,
				C84458FB2B553CCD0013EE86 /* ViewController.swift */,
				C84458FD2B553CCD0013EE86 /* Main.storyboard */,
				C84459002B553CCE0013EE86 /* Assets.xcassets */,
				C84459022B553CCE0013EE86 /* LaunchScreen.storyboard */,
				C84459052B553CCE0013EE86 /* Info.plist */,
			);
			path = Kick_Going;
			sourceTree = "<group>";
		};
		C84459192B553FA30013EE86 /* Views */ = {
			isa = PBXGroup;
			children = (
				C8AD9A7D2B554E24002B48C3 /* LoginViewController.swift */,
				C84459172B553F9D0013EE86 /* MapViewController.swift */,
				C844591A2B553FF00013EE86 /* RegisterViewController.swift */,
				C844591C2B5540880013EE86 /* MyPageViewController.swift */,
				2B4D72DE2B58B7170084BF2A /* CustomerViewController.swift */,
			);
			path = Views;
			sourceTree = "<group>";
		};
		C8AD9A712B55443A002B48C3 /* Model */ = {
			isa = PBXGroup;
			children = (
				C889AFE62B57A86D00527A89 /* RideData.swift */,
				C826156B2B57E1520041463B /* Rideable.swift */,
				2B4D72D12B56B27C0084BF2A /* Member.swift */,
				2B4D72CF2B56206D0084BF2A /* MemberStore.swift */,
				2B4D72D32B56B29A0084BF2A /* Constants.swift */,
			);
			path = Model;
			sourceTree = "<group>";
		};
		C8AD9A722B554446002B48C3 /* Extension */ = {
			isa = PBXGroup;
			children = (
				C889AFE42B568A3900527A89 /* MapView.swift */,
				C889AFEA2B57AE3C00527A89 /* MKMapView.swift */,
				C889AFE82B57A92700527A89 /* setAnnotation.swift */,
				C83DDD842B58BB8200D5E794 /* setupSearchBar.swift */,
				C85CA5912B58FF3000B16D37 /* alertButton.swift */,
				C85CA5932B59133200B16D37 /* halfModal.swift */,
			);
			path = Extension;
			sourceTree = "<group>";
		};
/* End PBXGroup section */

/* Begin PBXNativeTarget section */
		C84458F32B553CCD0013EE86 /* Kick_Going */ = {
			isa = PBXNativeTarget;
			buildConfigurationList = C84459082B553CCE0013EE86 /* Build configuration list for PBXNativeTarget "Kick_Going" */;
			buildPhases = (
				C84458F02B553CCD0013EE86 /* Sources */,
				C84458F12B553CCD0013EE86 /* Frameworks */,
				C84458F22B553CCD0013EE86 /* Resources */,
			);
			buildRules = (
			);
			dependencies = (
			);
			name = Kick_Going;
			productName = Kick_Going;
			productReference = C84458F42B553CCD0013EE86 /* Kick_Going.app */;
			productType = "com.apple.product-type.application";
		};
/* End PBXNativeTarget section */

/* Begin PBXProject section */
		C84458EC2B553CCD0013EE86 /* Project object */ = {
			isa = PBXProject;
			attributes = {
				BuildIndependentTargetsInParallel = 1;
				LastSwiftUpdateCheck = 1520;
				LastUpgradeCheck = 1520;
				TargetAttributes = {
					C84458F32B553CCD0013EE86 = {
						CreatedOnToolsVersion = 15.2;
					};
				};
			};
			buildConfigurationList = C84458EF2B553CCD0013EE86 /* Build configuration list for PBXProject "Kick_Going" */;
			compatibilityVersion = "Xcode 14.0";
			developmentRegion = en;
			hasScannedForEncodings = 0;
			knownRegions = (
				en,
				Base,
			);
			mainGroup = C84458EB2B553CCD0013EE86;
			productRefGroup = C84458F52B553CCD0013EE86 /* Products */;
			projectDirPath = "";
			projectRoot = "";
			targets = (
				C84458F32B553CCD0013EE86 /* Kick_Going */,
			);
		};
/* End PBXProject section */

/* Begin PBXResourcesBuildPhase section */
		C84458F22B553CCD0013EE86 /* Resources */ = {
			isa = PBXResourcesBuildPhase;
			buildActionMask = 2147483647;
			files = (
				C84459042B553CCE0013EE86 /* LaunchScreen.storyboard in Resources */,
				C84459162B553E0E0013EE86 /* MyPage.storyboard in Resources */,
				C84459012B553CCE0013EE86 /* Assets.xcassets in Resources */,
				C84459102B553DE60013EE86 /* MapView.storyboard in Resources */,
				C84458FF2B553CCD0013EE86 /* Main.storyboard in Resources */,
				2B4D72E12B58C0050084BF2A /* Customer.storyboard in Resources */,
				C84459132B553DFC0013EE86 /* Register.storyboard in Resources */,
			);
			runOnlyForDeploymentPostprocessing = 0;
		};
/* End PBXResourcesBuildPhase section */

/* Begin PBXSourcesBuildPhase section */
		C84458F02B553CCD0013EE86 /* Sources */ = {
			isa = PBXSourcesBuildPhase;
			buildActionMask = 2147483647;
			files = (
				C8AD9A7E2B554E24002B48C3 /* LoginViewController.swift in Sources */,
				C84458FC2B553CCD0013EE86 /* ViewController.swift in Sources */,
				C844591D2B5540880013EE86 /* MyPageViewController.swift in Sources */,
				C85CA5922B58FF3000B16D37 /* alertButton.swift in Sources */,
				C844591B2B553FF00013EE86 /* RegisterViewController.swift in Sources */,
				2B4D72D22B56B27C0084BF2A /* Member.swift in Sources */,
				C85CA5942B59133200B16D37 /* halfModal.swift in Sources */,
				2B4D72D42B56B29A0084BF2A /* Constants.swift in Sources */,
				C84458F82B553CCD0013EE86 /* AppDelegate.swift in Sources */,
				C889AFEB2B57AE3C00527A89 /* MKMapView.swift in Sources */,
				2B4D72DF2B58B7170084BF2A /* CustomerViewController.swift in Sources */,
				C826156C2B57E1520041463B /* Rideable.swift in Sources */,
				C84458FA2B553CCD0013EE86 /* SceneDelegate.swift in Sources */,
				C889AFE72B57A86D00527A89 /* RideData.swift in Sources */,
				C83DDD852B58BB8200D5E794 /* setupSearchBar.swift in Sources */,
				C889AFE92B57A92700527A89 /* setAnnotation.swift in Sources */,
				C889AFE52B568A3900527A89 /* MapView.swift in Sources */,
				C84459182B553F9D0013EE86 /* MapViewController.swift in Sources */,
				2B4D72D02B56206D0084BF2A /* MemberStore.swift in Sources */,
			);
			runOnlyForDeploymentPostprocessing = 0;
		};
/* End PBXSourcesBuildPhase section */

/* Begin PBXVariantGroup section */
		C84458FD2B553CCD0013EE86 /* Main.storyboard */ = {
			isa = PBXVariantGroup;
			children = (
				C84458FE2B553CCD0013EE86 /* Base */,
			);
			name = Main.storyboard;
			sourceTree = "<group>";
		};
		C84459022B553CCE0013EE86 /* LaunchScreen.storyboard */ = {
			isa = PBXVariantGroup;
			children = (
				C84459032B553CCE0013EE86 /* Base */,
			);
			name = LaunchScreen.storyboard;
			sourceTree = "<group>";
		};
		C844590E2B553DE60013EE86 /* MapView.storyboard */ = {
			isa = PBXVariantGroup;
			children = (
				C844590F2B553DE60013EE86 /* Base */,
			);
			name = MapView.storyboard;
			sourceTree = "<group>";
		};
		C84459112B553DFC0013EE86 /* Register.storyboard */ = {
			isa = PBXVariantGroup;
			children = (
				C84459122B553DFC0013EE86 /* Base */,
			);
			name = Register.storyboard;
			sourceTree = "<group>";
		};
		C84459142B553E0E0013EE86 /* MyPage.storyboard */ = {
			isa = PBXVariantGroup;
			children = (
				C84459152B553E0E0013EE86 /* Base */,
			);
			name = MyPage.storyboard;
			sourceTree = "<group>";
		};
/* End PBXVariantGroup section */

/* Begin XCBuildConfiguration section */
		C84459062B553CCE0013EE86 /* Debug */ = {
			isa = XCBuildConfiguration;
			buildSettings = {
				ALWAYS_SEARCH_USER_PATHS = NO;
				ASSETCATALOG_COMPILER_GENERATE_SWIFT_ASSET_SYMBOL_EXTENSIONS = YES;
				CLANG_ANALYZER_NONNULL = YES;
				CLANG_ANALYZER_NUMBER_OBJECT_CONVERSION = YES_AGGRESSIVE;
				CLANG_CXX_LANGUAGE_STANDARD = "gnu++20";
				CLANG_ENABLE_MODULES = YES;
				CLANG_ENABLE_OBJC_ARC = YES;
				CLANG_ENABLE_OBJC_WEAK = YES;
				CLANG_WARN_BLOCK_CAPTURE_AUTORELEASING = YES;
				CLANG_WARN_BOOL_CONVERSION = YES;
				CLANG_WARN_COMMA = YES;
				CLANG_WARN_CONSTANT_CONVERSION = YES;
				CLANG_WARN_DEPRECATED_OBJC_IMPLEMENTATIONS = YES;
				CLANG_WARN_DIRECT_OBJC_ISA_USAGE = YES_ERROR;
				CLANG_WARN_DOCUMENTATION_COMMENTS = YES;
				CLANG_WARN_EMPTY_BODY = YES;
				CLANG_WARN_ENUM_CONVERSION = YES;
				CLANG_WARN_INFINITE_RECURSION = YES;
				CLANG_WARN_INT_CONVERSION = YES;
				CLANG_WARN_NON_LITERAL_NULL_CONVERSION = YES;
				CLANG_WARN_OBJC_IMPLICIT_RETAIN_SELF = YES;
				CLANG_WARN_OBJC_LITERAL_CONVERSION = YES;
				CLANG_WARN_OBJC_ROOT_CLASS = YES_ERROR;
				CLANG_WARN_QUOTED_INCLUDE_IN_FRAMEWORK_HEADER = YES;
				CLANG_WARN_RANGE_LOOP_ANALYSIS = YES;
				CLANG_WARN_STRICT_PROTOTYPES = YES;
				CLANG_WARN_SUSPICIOUS_MOVE = YES;
				CLANG_WARN_UNGUARDED_AVAILABILITY = YES_AGGRESSIVE;
				CLANG_WARN_UNREACHABLE_CODE = YES;
				CLANG_WARN__DUPLICATE_METHOD_MATCH = YES;
				COPY_PHASE_STRIP = NO;
				DEBUG_INFORMATION_FORMAT = dwarf;
				ENABLE_STRICT_OBJC_MSGSEND = YES;
				ENABLE_TESTABILITY = YES;
				ENABLE_USER_SCRIPT_SANDBOXING = YES;
				GCC_C_LANGUAGE_STANDARD = gnu17;
				GCC_DYNAMIC_NO_PIC = NO;
				GCC_NO_COMMON_BLOCKS = YES;
				GCC_OPTIMIZATION_LEVEL = 0;
				GCC_PREPROCESSOR_DEFINITIONS = (
					"DEBUG=1",
					"$(inherited)",
				);
				GCC_WARN_64_TO_32_BIT_CONVERSION = YES;
				GCC_WARN_ABOUT_RETURN_TYPE = YES_ERROR;
				GCC_WARN_UNDECLARED_SELECTOR = YES;
				GCC_WARN_UNINITIALIZED_AUTOS = YES_AGGRESSIVE;
				GCC_WARN_UNUSED_FUNCTION = YES;
				GCC_WARN_UNUSED_VARIABLE = YES;
				IPHONEOS_DEPLOYMENT_TARGET = 17.2;
				LOCALIZATION_PREFERS_STRING_CATALOGS = YES;
				MTL_ENABLE_DEBUG_INFO = INCLUDE_SOURCE;
				MTL_FAST_MATH = YES;
				ONLY_ACTIVE_ARCH = YES;
				SDKROOT = iphoneos;
				SWIFT_ACTIVE_COMPILATION_CONDITIONS = "DEBUG $(inherited)";
				SWIFT_OPTIMIZATION_LEVEL = "-Onone";
			};
			name = Debug;
		};
		C84459072B553CCE0013EE86 /* Release */ = {
			isa = XCBuildConfiguration;
			buildSettings = {
				ALWAYS_SEARCH_USER_PATHS = NO;
				ASSETCATALOG_COMPILER_GENERATE_SWIFT_ASSET_SYMBOL_EXTENSIONS = YES;
				CLANG_ANALYZER_NONNULL = YES;
				CLANG_ANALYZER_NUMBER_OBJECT_CONVERSION = YES_AGGRESSIVE;
				CLANG_CXX_LANGUAGE_STANDARD = "gnu++20";
				CLANG_ENABLE_MODULES = YES;
				CLANG_ENABLE_OBJC_ARC = YES;
				CLANG_ENABLE_OBJC_WEAK = YES;
				CLANG_WARN_BLOCK_CAPTURE_AUTORELEASING = YES;
				CLANG_WARN_BOOL_CONVERSION = YES;
				CLANG_WARN_COMMA = YES;
				CLANG_WARN_CONSTANT_CONVERSION = YES;
				CLANG_WARN_DEPRECATED_OBJC_IMPLEMENTATIONS = YES;
				CLANG_WARN_DIRECT_OBJC_ISA_USAGE = YES_ERROR;
				CLANG_WARN_DOCUMENTATION_COMMENTS = YES;
				CLANG_WARN_EMPTY_BODY = YES;
				CLANG_WARN_ENUM_CONVERSION = YES;
				CLANG_WARN_INFINITE_RECURSION = YES;
				CLANG_WARN_INT_CONVERSION = YES;
				CLANG_WARN_NON_LITERAL_NULL_CONVERSION = YES;
				CLANG_WARN_OBJC_IMPLICIT_RETAIN_SELF = YES;
				CLANG_WARN_OBJC_LITERAL_CONVERSION = YES;
				CLANG_WARN_OBJC_ROOT_CLASS = YES_ERROR;
				CLANG_WARN_QUOTED_INCLUDE_IN_FRAMEWORK_HEADER = YES;
				CLANG_WARN_RANGE_LOOP_ANALYSIS = YES;
				CLANG_WARN_STRICT_PROTOTYPES = YES;
				CLANG_WARN_SUSPICIOUS_MOVE = YES;
				CLANG_WARN_UNGUARDED_AVAILABILITY = YES_AGGRESSIVE;
				CLANG_WARN_UNREACHABLE_CODE = YES;
				CLANG_WARN__DUPLICATE_METHOD_MATCH = YES;
				COPY_PHASE_STRIP = NO;
				DEBUG_INFORMATION_FORMAT = "dwarf-with-dsym";
				ENABLE_NS_ASSERTIONS = NO;
				ENABLE_STRICT_OBJC_MSGSEND = YES;
				ENABLE_USER_SCRIPT_SANDBOXING = YES;
				GCC_C_LANGUAGE_STANDARD = gnu17;
				GCC_NO_COMMON_BLOCKS = YES;
				GCC_WARN_64_TO_32_BIT_CONVERSION = YES;
				GCC_WARN_ABOUT_RETURN_TYPE = YES_ERROR;
				GCC_WARN_UNDECLARED_SELECTOR = YES;
				GCC_WARN_UNINITIALIZED_AUTOS = YES_AGGRESSIVE;
				GCC_WARN_UNUSED_FUNCTION = YES;
				GCC_WARN_UNUSED_VARIABLE = YES;
				IPHONEOS_DEPLOYMENT_TARGET = 17.2;
				LOCALIZATION_PREFERS_STRING_CATALOGS = YES;
				MTL_ENABLE_DEBUG_INFO = NO;
				MTL_FAST_MATH = YES;
				SDKROOT = iphoneos;
				SWIFT_COMPILATION_MODE = wholemodule;
				VALIDATE_PRODUCT = YES;
			};
			name = Release;
		};
		C84459092B553CCE0013EE86 /* Debug */ = {
			isa = XCBuildConfiguration;
			buildSettings = {
				ASSETCATALOG_COMPILER_APPICON_NAME = AppIcon;
				ASSETCATALOG_COMPILER_GLOBAL_ACCENT_COLOR_NAME = AccentColor;
				CODE_SIGN_STYLE = Automatic;
				CURRENT_PROJECT_VERSION = 1;
				GENERATE_INFOPLIST_FILE = YES;
				INFOPLIST_FILE = Kick_Going/Info.plist;
				INFOPLIST_KEY_UIApplicationSupportsIndirectInputEvents = YES;
				INFOPLIST_KEY_UILaunchStoryboardName = LaunchScreen;
				INFOPLIST_KEY_UIMainStoryboardFile = Main;
				INFOPLIST_KEY_UISupportedInterfaceOrientations_iPad = "UIInterfaceOrientationPortrait UIInterfaceOrientationPortraitUpsideDown UIInterfaceOrientationLandscapeLeft UIInterfaceOrientationLandscapeRight";
				INFOPLIST_KEY_UISupportedInterfaceOrientations_iPhone = "UIInterfaceOrientationPortrait UIInterfaceOrientationLandscapeLeft UIInterfaceOrientationLandscapeRight";
				IPHONEOS_DEPLOYMENT_TARGET = 15.0;
				LD_RUNPATH_SEARCH_PATHS = (
					"$(inherited)",
					"@executable_path/Frameworks",
				);
				MARKETING_VERSION = 1.0;
				PRODUCT_BUNDLE_IDENTIFIER = "com.Kick-Going.Kick-Going";
				PRODUCT_NAME = "$(TARGET_NAME)";
				SWIFT_EMIT_LOC_STRINGS = YES;
				SWIFT_VERSION = 5.0;
				TARGETED_DEVICE_FAMILY = "1,2";
			};
			name = Debug;
		};
		C844590A2B553CCE0013EE86 /* Release */ = {
			isa = XCBuildConfiguration;
			buildSettings = {
				ASSETCATALOG_COMPILER_APPICON_NAME = AppIcon;
				ASSETCATALOG_COMPILER_GLOBAL_ACCENT_COLOR_NAME = AccentColor;
				CODE_SIGN_STYLE = Automatic;
				CURRENT_PROJECT_VERSION = 1;
				GENERATE_INFOPLIST_FILE = YES;
				INFOPLIST_FILE = Kick_Going/Info.plist;
				INFOPLIST_KEY_UIApplicationSupportsIndirectInputEvents = YES;
				INFOPLIST_KEY_UILaunchStoryboardName = LaunchScreen;
				INFOPLIST_KEY_UIMainStoryboardFile = Main;
				INFOPLIST_KEY_UISupportedInterfaceOrientations_iPad = "UIInterfaceOrientationPortrait UIInterfaceOrientationPortraitUpsideDown UIInterfaceOrientationLandscapeLeft UIInterfaceOrientationLandscapeRight";
				INFOPLIST_KEY_UISupportedInterfaceOrientations_iPhone = "UIInterfaceOrientationPortrait UIInterfaceOrientationLandscapeLeft UIInterfaceOrientationLandscapeRight";
				IPHONEOS_DEPLOYMENT_TARGET = 15.0;
				LD_RUNPATH_SEARCH_PATHS = (
					"$(inherited)",
					"@executable_path/Frameworks",
				);
				MARKETING_VERSION = 1.0;
				PRODUCT_BUNDLE_IDENTIFIER = "com.Kick-Going.Kick-Going";
				PRODUCT_NAME = "$(TARGET_NAME)";
				SWIFT_EMIT_LOC_STRINGS = YES;
				SWIFT_VERSION = 5.0;
				TARGETED_DEVICE_FAMILY = "1,2";
			};
			name = Release;
		};
/* End XCBuildConfiguration section */

/* Begin XCConfigurationList section */
		C84458EF2B553CCD0013EE86 /* Build configuration list for PBXProject "Kick_Going" */ = {
			isa = XCConfigurationList;
			buildConfigurations = (
				C84459062B553CCE0013EE86 /* Debug */,
				C84459072B553CCE0013EE86 /* Release */,
			);
			defaultConfigurationIsVisible = 0;
			defaultConfigurationName = Release;
		};
		C84459082B553CCE0013EE86 /* Build configuration list for PBXNativeTarget "Kick_Going" */ = {
			isa = XCConfigurationList;
			buildConfigurations = (
				C84459092B553CCE0013EE86 /* Debug */,
				C844590A2B553CCE0013EE86 /* Release */,
			);
			defaultConfigurationIsVisible = 0;
			defaultConfigurationName = Release;
		};
/* End XCConfigurationList section */
	};
	rootObject = C84458EC2B553CCD0013EE86 /* Project object */;
}
